
Microsoft Visual Studio Solution File, Format Version 12.00
# Visual Studio Version 16
VisualStudioVersion = 16.0.31729.503
MinimumVisualStudioVersion = 10.0.40219.1
Project("{FAE04EC0-301F-11D3-BF4B-00C04F79EFBC}") = "MvcWeb.MultipleModelsOnSingleView", "MvcWeb.MultipleModelsOnSingleView\MvcWeb.MultipleModelsOnSingleView.csproj", "{CBD82A6B-BE84-4FF8-8089-6D4B234482A9}"
EndProject
Global
	GlobalSection(SolutionConfigurationPlatforms) = preSolution
		Debug|Any CPU = Debug|Any CPU
		Release|Any CPU = Release|Any CPU
	EndGlobalSection
	GlobalSection(ProjectConfigurationPlatforms) = postSolution
		{CBD82A6B-BE84-4FF8-8089-6D4B234482A9}.Debug|Any CPU.ActiveCfg = Debug|Any CPU
		{CBD82A6B-BE84-4FF8-8089-6D4B234482A9}.Debug|Any CPU.Build.0 = Debug|Any CPU
		{CBD82A6B-BE84-4FF8-8089-6D4B234482A9}.Release|Any CPU.ActiveCfg = Release|Any CPU
		{CBD82A6B-BE84-4FF8-8089-6D4B234482A9}.Release|Any CPU.Build.0 = Release|Any CPU
	EndGlobalSection
	GlobalSection(SolutionProperties) = preSolution
		HideSolutionNode = FALSE
	EndGlobalSection
	GlobalSection(ExtensibilityGlobals) = postSolution
		SolutionGuid = {BE6D74D9-CFCB-4DEE-9BED-D51698061A59}
	EndGlobalSection
EndGlobal
